name: Refresh Composer Lock

on:
  push:
    branches:
      - fix/mvp-stabilization

permissions:
  contents: write

jobs:
  lock:
    name: Refresh PHP 7.4-compatible lockfile
    runs-on: ubuntu-latest
    steps:
      - uses: actions/checkout@v4
      - uses: shivammathur/setup-php@v2
        with:
          php-version: '7.4'
          coverage: none
          tools: composer:v2
      - name: Resolve dependencies
        run: composer update --no-interaction --prefer-dist
      - name: Commit lockfile
        run: |
          git config user.name "github-actions[bot]"
          git config user.email "41898282+github-actions[bot]@users.noreply.github.com"
          git add composer.lock
          if git diff --cached --quiet; then
            echo "Lockfile already current."
            exit 0
          fi
          git commit -m "build: refresh PHP 7.4-compatible Composer lockfile"
          git push
